
Microsoft Visual Studio Solution File, Format Version 12.00
# Visual Studio Version 17
VisualStudioVersion = 17.3.32825.248
MinimumVisualStudioVersion = 10.0.40219.1
Project("{9A19103F-16F7-4668-BE54-9A1E7A4F7556}") = "Binance.API", "Binance.API\Binance.API.csproj", "{2DA8633B-8128-4B5F-9E4F-5832F7F71846}"
EndProject
Project("{9A19103F-16F7-4668-BE54-9A1E7A4F7556}") = "Binance.Domain", "Binance.Domain\Binance.Domain.csproj", "{C822489C-6A14-4A41-8C8B-B3CA1BECCDCE}"
EndProject
Project("{9A19103F-16F7-4668-BE54-9A1E7A4F7556}") = "Binance.Infrastructure", "Binance.Infrastructure\Binance.Infrastructure.csproj", "{CB671AC0-9F82-43AD-8BF4-5BD99B987893}"
EndProject
Global
	GlobalSection(SolutionConfigurationPlatforms) = preSolution
		Debug|Any CPU = Debug|Any CPU
		Release|Any CPU = Release|Any CPU
	EndGlobalSection
	GlobalSection(ProjectConfigurationPlatforms) = postSolution
		{2DA8633B-8128-4B5F-9E4F-5832F7F71846}.Debug|Any CPU.ActiveCfg = Debug|Any CPU
		{2DA8633B-8128-4B5F-9E4F-5832F7F71846}.Debug|Any CPU.Build.0 = Debug|Any CPU
		{2DA8633B-8128-4B5F-9E4F-5832F7F71846}.Release|Any CPU.ActiveCfg = Release|Any CPU
		{2DA8633B-8128-4B5F-9E4F-5832F7F71846}.Release|Any CPU.Build.0 = Release|Any CPU
		{C822489C-6A14-4A41-8C8B-B3CA1BECCDCE}.Debug|Any CPU.ActiveCfg = Debug|Any CPU
		{C822489C-6A14-4A41-8C8B-B3CA1BECCDCE}.Debug|Any CPU.Build.0 = Debug|Any CPU
		{C822489C-6A14-4A41-8C8B-B3CA1BECCDCE}.Release|Any CPU.ActiveCfg = Release|Any CPU
		{C822489C-6A14-4A41-8C8B-B3CA1BECCDCE}.Release|Any CPU.Build.0 = Release|Any CPU
		{CB671AC0-9F82-43AD-8BF4-5BD99B987893}.Debug|Any CPU.ActiveCfg = Debug|Any CPU
		{CB671AC0-9F82-43AD-8BF4-5BD99B987893}.Debug|Any CPU.Build.0 = Debug|Any CPU
		{CB671AC0-9F82-43AD-8BF4-5BD99B987893}.Release|Any CPU.ActiveCfg = Release|Any CPU
		{CB671AC0-9F82-43AD-8BF4-5BD99B987893}.Release|Any CPU.Build.0 = Release|Any CPU
	EndGlobalSection
	GlobalSection(SolutionProperties) = preSolution
		HideSolutionNode = FALSE
	EndGlobalSection
	GlobalSection(ExtensibilityGlobals) = postSolution
		SolutionGuid = {66EB3B98-47AB-414D-9437-E53824F50D86}
	EndGlobalSection
EndGlobal
